
Microsoft Visual Studio Solution File, Format Version 12.00
# Visual Studio Version 17
VisualStudioVersion = 17.10.35013.160
MinimumVisualStudioVersion = 10.0.40219.1
Project("{9A19103F-16F7-4668-BE54-9A1E7A4F7556}") = "Catalog.Api", "Catalog.Api\Catalog.Api.csproj", "{1BC12542-2DA5-43FA-A6DC-0BDBDA39A590}"
EndProject
Project("{9A19103F-16F7-4668-BE54-9A1E7A4F7556}") = "Catalog.Tests", "Catalog.Tests\Catalog.Tests.csproj", "{650B4D05-5C2C-4A89-9638-461C5B18B167}"
EndProject
Project("{FAE04EC0-301F-11D3-BF4B-00C04F79EFBC}") = "Budget.Api", "Budget.Api\Budget.Api.csproj", "{B3FEAFC2-B8AB-4F7B-B846-E55EE9B211B3}"
EndProject
Project("{FAE04EC0-301F-11D3-BF4B-00C04F79EFBC}") = "CatalogTypes", "CatalogTypes\CatalogTypes.csproj", "{79D58145-14F5-405F-97B8-E91AC0B12E8D}"
EndProject
Global
	GlobalSection(SolutionConfigurationPlatforms) = preSolution
		Debug|Any CPU = Debug|Any CPU
		Release|Any CPU = Release|Any CPU
	EndGlobalSection
	GlobalSection(ProjectConfigurationPlatforms) = postSolution
		{1BC12542-2DA5-43FA-A6DC-0BDBDA39A590}.Debug|Any CPU.ActiveCfg = Debug|Any CPU
		{1BC12542-2DA5-43FA-A6DC-0BDBDA39A590}.Debug|Any CPU.Build.0 = Debug|Any CPU
		{1BC12542-2DA5-43FA-A6DC-0BDBDA39A590}.Release|Any CPU.ActiveCfg = Release|Any CPU
		{1BC12542-2DA5-43FA-A6DC-0BDBDA39A590}.Release|Any CPU.Build.0 = Release|Any CPU
		{650B4D05-5C2C-4A89-9638-461C5B18B167}.Debug|Any CPU.ActiveCfg = Debug|Any CPU
		{650B4D05-5C2C-4A89-9638-461C5B18B167}.Debug|Any CPU.Build.0 = Debug|Any CPU
		{650B4D05-5C2C-4A89-9638-461C5B18B167}.Release|Any CPU.ActiveCfg = Release|Any CPU
		{650B4D05-5C2C-4A89-9638-461C5B18B167}.Release|Any CPU.Build.0 = Release|Any CPU
		{B3FEAFC2-B8AB-4F7B-B846-E55EE9B211B3}.Debug|Any CPU.ActiveCfg = Debug|Any CPU
		{B3FEAFC2-B8AB-4F7B-B846-E55EE9B211B3}.Debug|Any CPU.Build.0 = Debug|Any CPU
		{B3FEAFC2-B8AB-4F7B-B846-E55EE9B211B3}.Release|Any CPU.ActiveCfg = Release|Any CPU
		{B3FEAFC2-B8AB-4F7B-B846-E55EE9B211B3}.Release|Any CPU.Build.0 = Release|Any CPU
		{79D58145-14F5-405F-97B8-E91AC0B12E8D}.Debug|Any CPU.ActiveCfg = Debug|Any CPU
		{79D58145-14F5-405F-97B8-E91AC0B12E8D}.Debug|Any CPU.Build.0 = Debug|Any CPU
		{79D58145-14F5-405F-97B8-E91AC0B12E8D}.Release|Any CPU.ActiveCfg = Release|Any CPU
		{79D58145-14F5-405F-97B8-E91AC0B12E8D}.Release|Any CPU.Build.0 = Release|Any CPU
	EndGlobalSection
	GlobalSection(SolutionProperties) = preSolution
		HideSolutionNode = FALSE
	EndGlobalSection
	GlobalSection(ExtensibilityGlobals) = postSolution
		SolutionGuid = {A0185E67-7C92-4B5C-A267-5552C7F82773}
	EndGlobalSection
EndGlobal
